
Microsoft Visual Studio Solution File, Format Version 12.00
Project("{FAE04EC0-301F-11D3-BF4B-00C04F79EFBC}") = "TShirtSizeConverter.CLI", "TShirtSizeConverter.CLI\TShirtSizeConverter.CLI.csproj", "{FCCCB8D2-439D-4504-8539-F8C459AC488B}"
EndProject
Project("{FAE04EC0-301F-11D3-BF4B-00C04F79EFBC}") = "TShirtSizeConverter.Lib", "TShirtSizeConverter.Lib\TShirtSizeConverter.Lib.csproj", "{4A6D623E-E625-4352-A972-DC2CADB001BB}"
EndProject
Project("{FAE04EC0-301F-11D3-BF4B-00C04F79EFBC}") = "TShirtSizeConverter.Test", "TShirtSizeConverter.Test\TShirtSizeConverter.Test.csproj", "{C9DD8E33-6A62-444D-BCC9-5C50B5AB8A69}"
EndProject
Project("{2150E333-8FDC-42A3-9474-1A3956D46DE8}") = "SolutionItems", "SolutionItems", "{E2FC2D37-D9A4-4D39-B7B6-2EEB74FD16E2}"
	ProjectSection(SolutionItems) = preProject
		.gitignore = .gitignore
	EndProjectSection
EndProject
Global
	GlobalSection(SolutionConfigurationPlatforms) = preSolution
		Debug|Any CPU = Debug|Any CPU
		Release|Any CPU = Release|Any CPU
	EndGlobalSection
	GlobalSection(ProjectConfigurationPlatforms) = postSolution
		{FCCCB8D2-439D-4504-8539-F8C459AC488B}.Debug|Any CPU.ActiveCfg = Debug|Any CPU
		{FCCCB8D2-439D-4504-8539-F8C459AC488B}.Debug|Any CPU.Build.0 = Debug|Any CPU
		{FCCCB8D2-439D-4504-8539-F8C459AC488B}.Release|Any CPU.ActiveCfg = Release|Any CPU
		{FCCCB8D2-439D-4504-8539-F8C459AC488B}.Release|Any CPU.Build.0 = Release|Any CPU
		{4A6D623E-E625-4352-A972-DC2CADB001BB}.Debug|Any CPU.ActiveCfg = Debug|Any CPU
		{4A6D623E-E625-4352-A972-DC2CADB001BB}.Debug|Any CPU.Build.0 = Debug|Any CPU
		{4A6D623E-E625-4352-A972-DC2CADB001BB}.Release|Any CPU.ActiveCfg = Release|Any CPU
		{4A6D623E-E625-4352-A972-DC2CADB001BB}.Release|Any CPU.Build.0 = Release|Any CPU
		{C9DD8E33-6A62-444D-BCC9-5C50B5AB8A69}.Debug|Any CPU.ActiveCfg = Debug|Any CPU
		{C9DD8E33-6A62-444D-BCC9-5C50B5AB8A69}.Debug|Any CPU.Build.0 = Debug|Any CPU
		{C9DD8E33-6A62-444D-BCC9-5C50B5AB8A69}.Release|Any CPU.ActiveCfg = Release|Any CPU
		{C9DD8E33-6A62-444D-BCC9-5C50B5AB8A69}.Release|Any CPU.Build.0 = Release|Any CPU
	EndGlobalSection
EndGlobal
